
Microsoft Visual Studio Solution File, Format Version 12.00
# Visual Studio 15
VisualStudioVersion = 15.0.27130.2036
MinimumVisualStudioVersion = 10.0.40219.1
Project("{9A19103F-16F7-4668-BE54-9A1E7A4F7556}") = "PrtgSensorSharp.Tests", "PrtgSensorSharp.Tests\PrtgSensorSharp.Tests.csproj", "{B92FD03D-3533-4129-9E02-C429655833AD}"
EndProject
Project("{FAE04EC0-301F-11D3-BF4B-00C04F79EFBC}") = "PrtgSensorSharp", "PrtgSensorSharp\PrtgSensorSharp.csproj", "{DE96C522-C69A-48F6-B50E-AB38BB42119F}"
EndProject
Global
	GlobalSection(SolutionConfigurationPlatforms) = preSolution
		Debug|Any CPU = Debug|Any CPU
		Release|Any CPU = Release|Any CPU
	EndGlobalSection
	GlobalSection(ProjectConfigurationPlatforms) = postSolution
		{B92FD03D-3533-4129-9E02-C429655833AD}.Debug|Any CPU.ActiveCfg = Debug|Any CPU
		{B92FD03D-3533-4129-9E02-C429655833AD}.Debug|Any CPU.Build.0 = Debug|Any CPU
		{B92FD03D-3533-4129-9E02-C429655833AD}.Release|Any CPU.ActiveCfg = Release|Any CPU
		{B92FD03D-3533-4129-9E02-C429655833AD}.Release|Any CPU.Build.0 = Release|Any CPU
		{DE96C522-C69A-48F6-B50E-AB38BB42119F}.Debug|Any CPU.ActiveCfg = Debug|Any CPU
		{DE96C522-C69A-48F6-B50E-AB38BB42119F}.Debug|Any CPU.Build.0 = Debug|Any CPU
		{DE96C522-C69A-48F6-B50E-AB38BB42119F}.Release|Any CPU.ActiveCfg = Release|Any CPU
		{DE96C522-C69A-48F6-B50E-AB38BB42119F}.Release|Any CPU.Build.0 = Release|Any CPU
	EndGlobalSection
	GlobalSection(SolutionProperties) = preSolution
		HideSolutionNode = FALSE
	EndGlobalSection
	GlobalSection(ExtensibilityGlobals) = postSolution
		SolutionGuid = {DA01161E-6197-482B-9031-24DC670867BC}
	EndGlobalSection
EndGlobal
