
Microsoft Visual Studio Solution File, Format Version 12.00
# Visual Studio 14
VisualStudioVersion = 14.0.24720.0
MinimumVisualStudioVersion = 10.0.40219.1
Project("{FAE04EC0-301F-11D3-BF4B-00C04F79EFBC}") = "PrtgSensorSharp", "PrtgSensorSharp\PrtgSensorSharp.csproj", "{4A72C0AB-4421-44AE-BD09-C799EF821E64}"
EndProject
Project("{FAE04EC0-301F-11D3-BF4B-00C04F79EFBC}") = "PrtgSensorSharp.Tests", "PrtgSensorSharp.Tests\PrtgSensorSharp.Tests.csproj", "{6C1526BC-1802-42CA-A931-0156CD1C71CE}"
EndProject
Global
	GlobalSection(SolutionConfigurationPlatforms) = preSolution
		Debug|Any CPU = Debug|Any CPU
		Release|Any CPU = Release|Any CPU
	EndGlobalSection
	GlobalSection(ProjectConfigurationPlatforms) = postSolution
		{4A72C0AB-4421-44AE-BD09-C799EF821E64}.Debug|Any CPU.ActiveCfg = Debug|Any CPU
		{4A72C0AB-4421-44AE-BD09-C799EF821E64}.Debug|Any CPU.Build.0 = Debug|Any CPU
		{4A72C0AB-4421-44AE-BD09-C799EF821E64}.Release|Any CPU.ActiveCfg = Release|Any CPU
		{4A72C0AB-4421-44AE-BD09-C799EF821E64}.Release|Any CPU.Build.0 = Release|Any CPU
		{6C1526BC-1802-42CA-A931-0156CD1C71CE}.Debug|Any CPU.ActiveCfg = Debug|Any CPU
		{6C1526BC-1802-42CA-A931-0156CD1C71CE}.Debug|Any CPU.Build.0 = Debug|Any CPU
		{6C1526BC-1802-42CA-A931-0156CD1C71CE}.Release|Any CPU.ActiveCfg = Release|Any CPU
		{6C1526BC-1802-42CA-A931-0156CD1C71CE}.Release|Any CPU.Build.0 = Release|Any CPU
	EndGlobalSection
	GlobalSection(SolutionProperties) = preSolution
		HideSolutionNode = FALSE
	EndGlobalSection
EndGlobal
